
Microsoft Visual Studio Solution File, Format Version 12.00
# Visual Studio Version 17
VisualStudioVersion = 17.10.35027.167
MinimumVisualStudioVersion = 10.0.40219.1
Project("{2150E333-8FDC-42A3-9474-1A3956D46DE8}") = "src", "src", "{9F3A81E4-BC99-459E-B249-DB056D8F0847}"
EndProject
Project("{9A19103F-16F7-4668-BE54-9A1E7A4F7556}") = "Domain", "src\Domain\Domain.csproj", "{32AA5589-CF5A-4D85-B4F8-04CDDEAE0FA7}"
EndProject
Project("{9A19103F-16F7-4668-BE54-9A1E7A4F7556}") = "Application", "src\Application\Application.csproj", "{7D14349C-AD30-49A5-BB04-699CD5EB1313}"
EndProject
Project("{9A19103F-16F7-4668-BE54-9A1E7A4F7556}") = "Infrastructure", "src\Infrastructure\Infrastructure.csproj", "{A14D1CD2-8E3B-4016-B3CB-F2043750F21D}"
EndProject
Project("{9A19103F-16F7-4668-BE54-9A1E7A4F7556}") = "WebApi", "src\WebApi\WebApi.csproj", "{5E550C66-F684-42CF-961A-E9B9E3643141}"
EndProject
Project("{2150E333-8FDC-42A3-9474-1A3956D46DE8}") = "tests", "tests", "{7B5B19D1-C1E9-4376-A168-7FDD42BCF5F0}"
EndProject
Project("{9A19103F-16F7-4668-BE54-9A1E7A4F7556}") = "Domain.UnitTests", "tests\Domain.UnitTests\Domain.UnitTests.csproj", "{28E416C9-57E3-44B2-A507-E85938361094}"
EndProject
Project("{9A19103F-16F7-4668-BE54-9A1E7A4F7556}") = "Domain.IntegrationTests", "tests\Domain.IntegrationTests\Domain.IntegrationTests.csproj", "{32724721-959F-4B5E-A1D0-181308888004}"
EndProject
Project("{9A19103F-16F7-4668-BE54-9A1E7A4F7556}") = "Application.UnitTests", "tests\Application.UnitTests\Application.UnitTests.csproj", "{C0C4172F-519B-4171-9D84-D3AC5041AC84}"
EndProject
Project("{9A19103F-16F7-4668-BE54-9A1E7A4F7556}") = "Application.IntegrationTests", "tests\Application.IntegrationTests\Application.IntegrationTests.csproj", "{9B43B66C-953F-4FF6-8A8C-D886D6BAA6EE}"
EndProject
Project("{9A19103F-16F7-4668-BE54-9A1E7A4F7556}") = "Infrastructure.UnitTests", "tests\Infrastructure.UnitTests\Infrastructure.UnitTests.csproj", "{D823A588-2EFE-49FC-A0F7-A956CBB1FE57}"
EndProject
Project("{9A19103F-16F7-4668-BE54-9A1E7A4F7556}") = "Infrastructure.IntegrationTests", "tests\Infrastructure.IntegrationTests\Infrastructure.IntegrationTests.csproj", "{B2A35023-0CB7-4BC6-8A93-E362006449C4}"
EndProject
Project("{9A19103F-16F7-4668-BE54-9A1E7A4F7556}") = "WebApi.IntegrationTests", "tests\WebApi.IntegrationTests\WebApi.IntegrationTests.csproj", "{00022794-2EED-4773-9004-E5AC8E3F7D3B}"
EndProject
Global
	GlobalSection(SolutionConfigurationPlatforms) = preSolution
		Debug|Any CPU = Debug|Any CPU
		Release|Any CPU = Release|Any CPU
	EndGlobalSection
	GlobalSection(ProjectConfigurationPlatforms) = postSolution
		{32AA5589-CF5A-4D85-B4F8-04CDDEAE0FA7}.Debug|Any CPU.ActiveCfg = Debug|Any CPU
		{32AA5589-CF5A-4D85-B4F8-04CDDEAE0FA7}.Debug|Any CPU.Build.0 = Debug|Any CPU
		{32AA5589-CF5A-4D85-B4F8-04CDDEAE0FA7}.Release|Any CPU.ActiveCfg = Release|Any CPU
		{32AA5589-CF5A-4D85-B4F8-04CDDEAE0FA7}.Release|Any CPU.Build.0 = Release|Any CPU
		{7D14349C-AD30-49A5-BB04-699CD5EB1313}.Debug|Any CPU.ActiveCfg = Debug|Any CPU
		{7D14349C-AD30-49A5-BB04-699CD5EB1313}.Debug|Any CPU.Build.0 = Debug|Any CPU
		{7D14349C-AD30-49A5-BB04-699CD5EB1313}.Release|Any CPU.ActiveCfg = Release|Any CPU
		{7D14349C-AD30-49A5-BB04-699CD5EB1313}.Release|Any CPU.Build.0 = Release|Any CPU
		{A14D1CD2-8E3B-4016-B3CB-F2043750F21D}.Debug|Any CPU.ActiveCfg = Debug|Any CPU
		{A14D1CD2-8E3B-4016-B3CB-F2043750F21D}.Debug|Any CPU.Build.0 = Debug|Any CPU
		{A14D1CD2-8E3B-4016-B3CB-F2043750F21D}.Release|Any CPU.ActiveCfg = Release|Any CPU
		{A14D1CD2-8E3B-4016-B3CB-F2043750F21D}.Release|Any CPU.Build.0 = Release|Any CPU
		{5E550C66-F684-42CF-961A-E9B9E3643141}.Debug|Any CPU.ActiveCfg = Debug|Any CPU
		{5E550C66-F684-42CF-961A-E9B9E3643141}.Debug|Any CPU.Build.0 = Debug|Any CPU
		{5E550C66-F684-42CF-961A-E9B9E3643141}.Release|Any CPU.ActiveCfg = Release|Any CPU
		{5E550C66-F684-42CF-961A-E9B9E3643141}.Release|Any CPU.Build.0 = Release|Any CPU
		{28E416C9-57E3-44B2-A507-E85938361094}.Debug|Any CPU.ActiveCfg = Debug|Any CPU
		{28E416C9-57E3-44B2-A507-E85938361094}.Debug|Any CPU.Build.0 = Debug|Any CPU
		{28E416C9-57E3-44B2-A507-E85938361094}.Release|Any CPU.ActiveCfg = Release|Any CPU
		{28E416C9-57E3-44B2-A507-E85938361094}.Release|Any CPU.Build.0 = Release|Any CPU
		{32724721-959F-4B5E-A1D0-181308888004}.Debug|Any CPU.ActiveCfg = Debug|Any CPU
		{32724721-959F-4B5E-A1D0-181308888004}.Debug|Any CPU.Build.0 = Debug|Any CPU
		{32724721-959F-4B5E-A1D0-181308888004}.Release|Any CPU.ActiveCfg = Release|Any CPU
		{32724721-959F-4B5E-A1D0-181308888004}.Release|Any CPU.Build.0 = Release|Any CPU
		{C0C4172F-519B-4171-9D84-D3AC5041AC84}.Debug|Any CPU.ActiveCfg = Debug|Any CPU
		{C0C4172F-519B-4171-9D84-D3AC5041AC84}.Debug|Any CPU.Build.0 = Debug|Any CPU
		{C0C4172F-519B-4171-9D84-D3AC5041AC84}.Release|Any CPU.ActiveCfg = Release|Any CPU
		{C0C4172F-519B-4171-9D84-D3AC5041AC84}.Release|Any CPU.Build.0 = Release|Any CPU
		{9B43B66C-953F-4FF6-8A8C-D886D6BAA6EE}.Debug|Any CPU.ActiveCfg = Debug|Any CPU
		{9B43B66C-953F-4FF6-8A8C-D886D6BAA6EE}.Debug|Any CPU.Build.0 = Debug|Any CPU
		{9B43B66C-953F-4FF6-8A8C-D886D6BAA6EE}.Release|Any CPU.ActiveCfg = Release|Any CPU
		{9B43B66C-953F-4FF6-8A8C-D886D6BAA6EE}.Release|Any CPU.Build.0 = Release|Any CPU
		{D823A588-2EFE-49FC-A0F7-A956CBB1FE57}.Debug|Any CPU.ActiveCfg = Debug|Any CPU
		{D823A588-2EFE-49FC-A0F7-A956CBB1FE57}.Debug|Any CPU.Build.0 = Debug|Any CPU
		{D823A588-2EFE-49FC-A0F7-A956CBB1FE57}.Release|Any CPU.ActiveCfg = Release|Any CPU
		{D823A588-2EFE-49FC-A0F7-A956CBB1FE57}.Release|Any CPU.Build.0 = Release|Any CPU
		{B2A35023-0CB7-4BC6-8A93-E362006449C4}.Debug|Any CPU.ActiveCfg = Debug|Any CPU
		{B2A35023-0CB7-4BC6-8A93-E362006449C4}.Debug|Any CPU.Build.0 = Debug|Any CPU
		{B2A35023-0CB7-4BC6-8A93-E362006449C4}.Release|Any CPU.ActiveCfg = Release|Any CPU
		{B2A35023-0CB7-4BC6-8A93-E362006449C4}.Release|Any CPU.Build.0 = Release|Any CPU
		{00022794-2EED-4773-9004-E5AC8E3F7D3B}.Debug|Any CPU.ActiveCfg = Debug|Any CPU
		{00022794-2EED-4773-9004-E5AC8E3F7D3B}.Debug|Any CPU.Build.0 = Debug|Any CPU
		{00022794-2EED-4773-9004-E5AC8E3F7D3B}.Release|Any CPU.ActiveCfg = Release|Any CPU
		{00022794-2EED-4773-9004-E5AC8E3F7D3B}.Release|Any CPU.Build.0 = Release|Any CPU
	EndGlobalSection
	GlobalSection(SolutionProperties) = preSolution
		HideSolutionNode = FALSE
	EndGlobalSection
	GlobalSection(NestedProjects) = preSolution
		{32AA5589-CF5A-4D85-B4F8-04CDDEAE0FA7} = {9F3A81E4-BC99-459E-B249-DB056D8F0847}
		{7D14349C-AD30-49A5-BB04-699CD5EB1313} = {9F3A81E4-BC99-459E-B249-DB056D8F0847}
		{A14D1CD2-8E3B-4016-B3CB-F2043750F21D} = {9F3A81E4-BC99-459E-B249-DB056D8F0847}
		{5E550C66-F684-42CF-961A-E9B9E3643141} = {9F3A81E4-BC99-459E-B249-DB056D8F0847}
		{28E416C9-57E3-44B2-A507-E85938361094} = {7B5B19D1-C1E9-4376-A168-7FDD42BCF5F0}
		{32724721-959F-4B5E-A1D0-181308888004} = {7B5B19D1-C1E9-4376-A168-7FDD42BCF5F0}
		{C0C4172F-519B-4171-9D84-D3AC5041AC84} = {7B5B19D1-C1E9-4376-A168-7FDD42BCF5F0}
		{9B43B66C-953F-4FF6-8A8C-D886D6BAA6EE} = {7B5B19D1-C1E9-4376-A168-7FDD42BCF5F0}
		{D823A588-2EFE-49FC-A0F7-A956CBB1FE57} = {7B5B19D1-C1E9-4376-A168-7FDD42BCF5F0}
		{B2A35023-0CB7-4BC6-8A93-E362006449C4} = {7B5B19D1-C1E9-4376-A168-7FDD42BCF5F0}
		{00022794-2EED-4773-9004-E5AC8E3F7D3B} = {7B5B19D1-C1E9-4376-A168-7FDD42BCF5F0}
	EndGlobalSection
	GlobalSection(ExtensibilityGlobals) = postSolution
		SolutionGuid = {9D041CB3-17F3-4C96-8BAC-D1312A9C5929}
	EndGlobalSection
EndGlobal
